// !$*UTF8*$!
{
	archiveVersion = 1;
	classes = {
	};
	objectVersion = 50;
	objects = {

/* Begin PBXBuildFile section */
		4842B03C27E3F4F400E6EAA2 /* AppDelegate.swift in Sources */ = {isa = PBXBuildFile; fileRef = 4842B03B27E3F4F400E6EAA2 /* AppDelegate.swift */; };
		4842B03E27E3F4F400E6EAA2 /* SceneDelegate.swift in Sources */ = {isa = PBXBuildFile; fileRef = 4842B03D27E3F4F400E6EAA2 /* SceneDelegate.swift */; };
		4842B04027E3F4F400E6EAA2 /* MapKitViewController.swift in Sources */ = {isa = PBXBuildFile; fileRef = 4842B03F27E3F4F400E6EAA2 /* MapKitViewController.swift */; };
		4842B04527E3F4F500E6EAA2 /* Assets.xcassets in Resources */ = {isa = PBXBuildFile; fileRef = 4842B04427E3F4F500E6EAA2 /* Assets.xcassets */; };
		4842B04827E3F4F500E6EAA2 /* LaunchScreen.storyboard in Resources */ = {isa = PBXBuildFile; fileRef = 4842B04627E3F4F500E6EAA2 /* LaunchScreen.storyboard */; };
		4842B05F27E4018200E6EAA2 /* MapSearchButton.swift in Sources */ = {isa = PBXBuildFile; fileRef = 4842B05E27E4018200E6EAA2 /* MapSearchButton.swift */; };
		4842B06427E40AFC00E6EAA2 /* MapSearchTextField.swift in Sources */ = {isa = PBXBuildFile; fileRef = 4842B06327E40AFC00E6EAA2 /* MapSearchTextField.swift */; };
		4842B06727E40BB200E6EAA2 /* UIView_Pin.swift in Sources */ = {isa = PBXBuildFile; fileRef = 4842B06627E40BB200E6EAA2 /* UIView_Pin.swift */; };
		4842B07227E41D0A00E6EAA2 /* MapKitInteractor.swift in Sources */ = {isa = PBXBuildFile; fileRef = 4842B07127E41D0A00E6EAA2 /* MapKitInteractor.swift */; };
		4842B07527E41D1800E6EAA2 /* MapKitPresenter.swift in Sources */ = {isa = PBXBuildFile; fileRef = 4842B07427E41D1800E6EAA2 /* MapKitPresenter.swift */; };
		4842B07927E4256E00E6EAA2 /* MapKitAssembly.swift in Sources */ = {isa = PBXBuildFile; fileRef = 4842B07827E4256E00E6EAA2 /* MapKitAssembly.swift */; };
/* End PBXBuildFile section */

/* Begin PBXFileReference section */
		4842B03827E3F4F400E6EAA2 /* vazhuravlev_3PW7.app */ = {isa = PBXFileReference; explicitFileType = wrapper.application; includeInIndex = 0; path = vazhuravlev_3PW7.app; sourceTree = BUILT_PRODUCTS_DIR; };
		4842B03B27E3F4F400E6EAA2 /* AppDelegate.swift */ = {isa = PBXFileReference; lastKnownFileType = sourcecode.swift; path = AppDelegate.swift; sourceTree = "<group>"; };
		4842B03D27E3F4F400E6EAA2 /* SceneDelegate.swift */ = {isa = PBXFileReference; lastKnownFileType = sourcecode.swift; path = SceneDelegate.swift; sourceTree = "<group>"; };
		4842B03F27E3F4F400E6EAA2 /* MapKitViewController.swift */ = {isa = PBXFileReference; lastKnownFileType = sourcecode.swift; path = MapKitViewController.swift; sourceTree = "<group>"; };
		4842B04427E3F4F500E6EAA2 /* Assets.xcassets */ = {isa = PBXFileReference; lastKnownFileType = folder.assetcatalog; path = Assets.xcassets; sourceTree = "<group>"; };
		4842B04727E3F4F500E6EAA2 /* Base */ = {isa = PBXFileReference; lastKnownFileType = file.storyboard; name = Base; path = Base.lproj/LaunchScreen.storyboard; sourceTree = "<group>"; };
		4842B04927E3F4F500E6EAA2 /* Info.plist */ = {isa = PBXFileReference; lastKnownFileType = text.plist.xml; path = Info.plist; sourceTree = "<group>"; };
		4842B05C27E3FBB800E6EAA2 /* README.md */ = {isa = PBXFileReference; lastKnownFileType = net.daringfireball.markdown; path = README.md; sourceTree = "<group>"; };
		4842B05E27E4018200E6EAA2 /* MapSearchButton.swift */ = {isa = PBXFileReference; lastKnownFileType = sourcecode.swift; path = MapSearchButton.swift; sourceTree = "<group>"; };
		4842B06327E40AFC00E6EAA2 /* MapSearchTextField.swift */ = {isa = PBXFileReference; lastKnownFileType = sourcecode.swift; path = MapSearchTextField.swift; sourceTree = "<group>"; };
		4842B06627E40BB200E6EAA2 /* UIView_Pin.swift */ = {isa = PBXFileReference; fileEncoding = 4; lastKnownFileType = sourcecode.swift; path = UIView_Pin.swift; sourceTree = "<group>"; };
		4842B07127E41D0A00E6EAA2 /* MapKitInteractor.swift */ = {isa = PBXFileReference; lastKnownFileType = sourcecode.swift; path = MapKitInteractor.swift; sourceTree = "<group>"; };
		4842B07427E41D1800E6EAA2 /* MapKitPresenter.swift */ = {isa = PBXFileReference; lastKnownFileType = sourcecode.swift; path = MapKitPresenter.swift; sourceTree = "<group>"; };
		4842B07827E4256E00E6EAA2 /* MapKitAssembly.swift */ = {isa = PBXFileReference; lastKnownFileType = sourcecode.swift; path = MapKitAssembly.swift; sourceTree = "<group>"; };
/* End PBXFileReference section */

/* Begin PBXFrameworksBuildPhase section */
		4842B03527E3F4F400E6EAA2 /* Frameworks */ = {
			isa = PBXFrameworksBuildPhase;
			buildActionMask = 2147483647;
			files = (
			);
			runOnlyForDeploymentPostprocessing = 0;
		};
/* End PBXFrameworksBuildPhase section */

/* Begin PBXGroup section */
		4842B02F27E3F4F400E6EAA2 = {
			isa = PBXGroup;
			children = (
				4842B05C27E3FBB800E6EAA2 /* README.md */,
				4842B03A27E3F4F400E6EAA2 /* vazhuravlev_3PW7 */,
				4842B03927E3F4F400E6EAA2 /* Products */,
			);
			sourceTree = "<group>";
		};
		4842B03927E3F4F400E6EAA2 /* Products */ = {
			isa = PBXGroup;
			children = (
				4842B03827E3F4F400E6EAA2 /* vazhuravlev_3PW7.app */,
			);
			name = Products;
			sourceTree = "<group>";
		};
		4842B03A27E3F4F400E6EAA2 /* vazhuravlev_3PW7 */ = {
			isa = PBXGroup;
			children = (
				4842B06627E40BB200E6EAA2 /* UIView_Pin.swift */,
				4842B03B27E3F4F400E6EAA2 /* AppDelegate.swift */,
				4842B03D27E3F4F400E6EAA2 /* SceneDelegate.swift */,
				4842B05227E3F5B900E6EAA2 /* MapKitScene */,
				4842B04427E3F4F500E6EAA2 /* Assets.xcassets */,
				4842B04627E3F4F500E6EAA2 /* LaunchScreen.storyboard */,
				4842B04927E3F4F500E6EAA2 /* Info.plist */,
			);
			path = vazhuravlev_3PW7;
			sourceTree = "<group>";
		};
		4842B05227E3F5B900E6EAA2 /* MapKitScene */ = {
			isa = PBXGroup;
			children = (
				4842B05E27E4018200E6EAA2 /* MapSearchButton.swift */,
				4842B06327E40AFC00E6EAA2 /* MapSearchTextField.swift */,
				4842B03F27E3F4F400E6EAA2 /* MapKitViewController.swift */,
				4842B07127E41D0A00E6EAA2 /* MapKitInteractor.swift */,
				4842B07427E41D1800E6EAA2 /* MapKitPresenter.swift */,
				4842B07827E4256E00E6EAA2 /* MapKitAssembly.swift */,
			);
			path = MapKitScene;
			sourceTree = "<group>";
		};
/* End PBXGroup section */

/* Begin PBXNativeTarget section */
		4842B03727E3F4F400E6EAA2 /* vazhuravlev_3PW7 */ = {
			isa = PBXNativeTarget;
			buildConfigurationList = 4842B04C27E3F4F500E6EAA2 /* Build configuration list for PBXNativeTarget "vazhuravlev_3PW7" */;
			buildPhases = (
				4842B03427E3F4F400E6EAA2 /* Sources */,
				4842B03527E3F4F400E6EAA2 /* Frameworks */,
				4842B03627E3F4F400E6EAA2 /* Resources */,
			);
			buildRules = (
			);
			dependencies = (
			);
			name = vazhuravlev_3PW7;
			productName = vazhuravlev_3PW7;
			productReference = 4842B03827E3F4F400E6EAA2 /* vazhuravlev_3PW7.app */;
			productType = "com.apple.product-type.application";
		};
/* End PBXNativeTarget section */

/* Begin PBXProject section */
		4842B03027E3F4F400E6EAA2 /* Project object */ = {
			isa = PBXProject;
			attributes = {
				LastSwiftUpdateCheck = 1210;
				LastUpgradeCheck = 1210;
				TargetAttributes = {
					4842B03727E3F4F400E6EAA2 = {
						CreatedOnToolsVersion = 12.1;
					};
				};
			};
			buildConfigurationList = 4842B03327E3F4F400E6EAA2 /* Build configuration list for PBXProject "vazhuravlev_3PW7" */;
			compatibilityVersion = "Xcode 9.3";
			developmentRegion = en;
			hasScannedForEncodings = 0;
			knownRegions = (
				en,
				Base,
			);
			mainGroup = 4842B02F27E3F4F400E6EAA2;
			productRefGroup = 4842B03927E3F4F400E6EAA2 /* Products */;
			projectDirPath = "";
			projectRoot = "";
			targets = (
				4842B03727E3F4F400E6EAA2 /* vazhuravlev_3PW7 */,
			);
		};
/* End PBXProject section */

/* Begin PBXResourcesBuildPhase section */
		4842B03627E3F4F400E6EAA2 /* Resources */ = {
			isa = PBXResourcesBuildPhase;
			buildActionMask = 2147483647;
			files = (
				4842B04827E3F4F500E6EAA2 /* LaunchScreen.storyboard in Resources */,
				4842B04527E3F4F500E6EAA2 /* Assets.xcassets in Resources */,
			);
			runOnlyForDeploymentPostprocessing = 0;
		};
/* End PBXResourcesBuildPhase section */

/* Begin PBXSourcesBuildPhase section */
		4842B03427E3F4F400E6EAA2 /* Sources */ = {
			isa = PBXSourcesBuildPhase;
			buildActionMask = 2147483647;
			files = (
				4842B07927E4256E00E6EAA2 /* MapKitAssembly.swift in Sources */,
				4842B06727E40BB200E6EAA2 /* UIView_Pin.swift in Sources */,
				4842B07227E41D0A00E6EAA2 /* MapKitInteractor.swift in Sources */,
				4842B05F27E4018200E6EAA2 /* MapSearchButton.swift in Sources */,
				4842B06427E40AFC00E6EAA2 /* MapSearchTextField.swift in Sources */,
				4842B04027E3F4F400E6EAA2 /* MapKitViewController.swift in Sources */,
				4842B03C27E3F4F400E6EAA2 /* AppDelegate.swift in Sources */,
				4842B07527E41D1800E6EAA2 /* MapKitPresenter.swift in Sources */,
				4842B03E27E3F4F400E6EAA2 /* SceneDelegate.swift in Sources */,
			);
			runOnlyForDeploymentPostprocessing = 0;
		};
/* End PBXSourcesBuildPhase section */

/* Begin PBXVariantGroup section */
		4842B04627E3F4F500E6EAA2 /* LaunchScreen.storyboard */ = {
			isa = PBXVariantGroup;
			children = (
				4842B04727E3F4F500E6EAA2 /* Base */,
			);
			name = LaunchScreen.storyboard;
			sourceTree = "<group>";
		};
/* End PBXVariantGroup section */

/* Begin XCBuildConfiguration section */
		4842B04A27E3F4F500E6EAA2 /* Debug */ = {
			isa = XCBuildConfiguration;
			buildSettings = {
				ALWAYS_SEARCH_USER_PATHS = NO;
				CLANG_ANALYZER_NONNULL = YES;
				CLANG_ANALYZER_NUMBER_OBJECT_CONVERSION = YES_AGGRESSIVE;
				CLANG_CXX_LANGUAGE_STANDARD = "gnu++14";
				CLANG_CXX_LIBRARY = "libc++";
				CLANG_ENABLE_MODULES = YES;
				CLANG_ENABLE_OBJC_ARC = YES;
				CLANG_ENABLE_OBJC_WEAK = YES;
				CLANG_WARN_BLOCK_CAPTURE_AUTORELEASING = YES;
				CLANG_WARN_BOOL_CONVERSION = YES;
				CLANG_WARN_COMMA = YES;
				CLANG_WARN_CONSTANT_CONVERSION = YES;
				CLANG_WARN_DEPRECATED_OBJC_IMPLEMENTATIONS = YES;
				CLANG_WARN_DIRECT_OBJC_ISA_USAGE = YES_ERROR;
				CLANG_WARN_DOCUMENTATION_COMMENTS = YES;
				CLANG_WARN_EMPTY_BODY = YES;
				CLANG_WARN_ENUM_CONVERSION = YES;
				CLANG_WARN_INFINITE_RECURSION = YES;
				CLANG_WARN_INT_CONVERSION = YES;
				CLANG_WARN_NON_LITERAL_NULL_CONVERSION = YES;
				CLANG_WARN_OBJC_IMPLICIT_RETAIN_SELF = YES;
				CLANG_WARN_OBJC_LITERAL_CONVERSION = YES;
				CLANG_WARN_OBJC_ROOT_CLASS = YES_ERROR;
				CLANG_WARN_QUOTED_INCLUDE_IN_FRAMEWORK_HEADER = YES;
				CLANG_WARN_RANGE_LOOP_ANALYSIS = YES;
				CLANG_WARN_STRICT_PROTOTYPES = YES;
				CLANG_WARN_SUSPICIOUS_MOVE = YES;
				CLANG_WARN_UNGUARDED_AVAILABILITY = YES_AGGRESSIVE;
				CLANG_WARN_UNREACHABLE_CODE = YES;
				CLANG_WARN__DUPLICATE_METHOD_MATCH = YES;
				COPY_PHASE_STRIP = NO;
				DEBUG_INFORMATION_FORMAT = dwarf;
				ENABLE_STRICT_OBJC_MSGSEND = YES;
				ENABLE_TESTABILITY = YES;
				GCC_C_LANGUAGE_STANDARD = gnu11;
				GCC_DYNAMIC_NO_PIC = NO;
				GCC_NO_COMMON_BLOCKS = YES;
				GCC_OPTIMIZATION_LEVEL = 0;
				GCC_PREPROCESSOR_DEFINITIONS = (
					"DEBUG=1",
					"$(inherited)",
				);
				GCC_WARN_64_TO_32_BIT_CONVERSION = YES;
				GCC_WARN_ABOUT_RETURN_TYPE = YES_ERROR;
				GCC_WARN_UNDECLARED_SELECTOR = YES;
				GCC_WARN_UNINITIALIZED_AUTOS = YES_AGGRESSIVE;
				GCC_WARN_UNUSED_FUNCTION = YES;
				GCC_WARN_UNUSED_VARIABLE = YES;
				IPHONEOS_DEPLOYMENT_TARGET = 14.1;
				MTL_ENABLE_DEBUG_INFO = INCLUDE_SOURCE;
				MTL_FAST_MATH = YES;
				ONLY_ACTIVE_ARCH = YES;
				SDKROOT = iphoneos;
				SWIFT_ACTIVE_COMPILATION_CONDITIONS = DEBUG;
				SWIFT_OPTIMIZATION_LEVEL = "-Onone";
			};
			name = Debug;
		};
		4842B04B27E3F4F500E6EAA2 /* Release */ = {
			isa = XCBuildConfiguration;
			buildSettings = {
				ALWAYS_SEARCH_USER_PATHS = NO;
				CLANG_ANALYZER_NONNULL = YES;
				CLANG_ANALYZER_NUMBER_OBJECT_CONVERSION = YES_AGGRESSIVE;
				CLANG_CXX_LANGUAGE_STANDARD = "gnu++14";
				CLANG_CXX_LIBRARY = "libc++";
				CLANG_ENABLE_MODULES = YES;
				CLANG_ENABLE_OBJC_ARC = YES;
				CLANG_ENABLE_OBJC_WEAK = YES;
				CLANG_WARN_BLOCK_CAPTURE_AUTORELEASING = YES;
				CLANG_WARN_BOOL_CONVERSION = YES;
				CLANG_WARN_COMMA = YES;
				CLANG_WARN_CONSTANT_CONVERSION = YES;
				CLANG_WARN_DEPRECATED_OBJC_IMPLEMENTATIONS = YES;
				CLANG_WARN_DIRECT_OBJC_ISA_USAGE = YES_ERROR;
				CLANG_WARN_DOCUMENTATION_COMMENTS = YES;
				CLANG_WARN_EMPTY_BODY = YES;
				CLANG_WARN_ENUM_CONVERSION = YES;
				CLANG_WARN_INFINITE_RECURSION = YES;
				CLANG_WARN_INT_CONVERSION = YES;
				CLANG_WARN_NON_LITERAL_NULL_CONVERSION = YES;
				CLANG_WARN_OBJC_IMPLICIT_RETAIN_SELF = YES;
				CLANG_WARN_OBJC_LITERAL_CONVERSION = YES;
				CLANG_WARN_OBJC_ROOT_CLASS = YES_ERROR;
				CLANG_WARN_QUOTED_INCLUDE_IN_FRAMEWORK_HEADER = YES;
				CLANG_WARN_RANGE_LOOP_ANALYSIS = YES;
				CLANG_WARN_STRICT_PROTOTYPES = YES;
				CLANG_WARN_SUSPICIOUS_MOVE = YES;
				CLANG_WARN_UNGUARDED_AVAILABILITY = YES_AGGRESSIVE;
				CLANG_WARN_UNREACHABLE_CODE = YES;
				CLANG_WARN__DUPLICATE_METHOD_MATCH = YES;
				COPY_PHASE_STRIP = NO;
				DEBUG_INFORMATION_FORMAT = "dwarf-with-dsym";
				ENABLE_NS_ASSERTIONS = NO;
				ENABLE_STRICT_OBJC_MSGSEND = YES;
				GCC_C_LANGUAGE_STANDARD = gnu11;
				GCC_NO_COMMON_BLOCKS = YES;
				GCC_WARN_64_TO_32_BIT_CONVERSION = YES;
				GCC_WARN_ABOUT_RETURN_TYPE = YES_ERROR;
				GCC_WARN_UNDECLARED_SELECTOR = YES;
				GCC_WARN_UNINITIALIZED_AUTOS = YES_AGGRESSIVE;
				GCC_WARN_UNUSED_FUNCTION = YES;
				GCC_WARN_UNUSED_VARIABLE = YES;
				IPHONEOS_DEPLOYMENT_TARGET = 14.1;
				MTL_ENABLE_DEBUG_INFO = NO;
				MTL_FAST_MATH = YES;
				SDKROOT = iphoneos;
				SWIFT_COMPILATION_MODE = wholemodule;
				SWIFT_OPTIMIZATION_LEVEL = "-O";
				VALIDATE_PRODUCT = YES;
			};
			name = Release;
		};
		4842B04D27E3F4F500E6EAA2 /* Debug */ = {
			isa = XCBuildConfiguration;
			buildSettings = {
				ASSETCATALOG_COMPILER_APPICON_NAME = AppIcon;
				ASSETCATALOG_COMPILER_GLOBAL_ACCENT_COLOR_NAME = AccentColor;
				CODE_SIGN_STYLE = Automatic;
				DEVELOPMENT_TEAM = 8Y3W67AZM6;
				INFOPLIST_FILE = vazhuravlev_3PW7/Info.plist;
				LD_RUNPATH_SEARCH_PATHS = (
					"$(inherited)",
					"@executable_path/Frameworks",
				);
				PRODUCT_BUNDLE_IDENTIFIER = "ru.hse.vazhuravlev-3PW7";
				PRODUCT_NAME = "$(TARGET_NAME)";
				SWIFT_VERSION = 5.0;
				TARGETED_DEVICE_FAMILY = "1,2";
			};
			name = Debug;
		};
		4842B04E27E3F4F500E6EAA2 /* Release */ = {
			isa = XCBuildConfiguration;
			buildSettings = {
				ASSETCATALOG_COMPILER_APPICON_NAME = AppIcon;
				ASSETCATALOG_COMPILER_GLOBAL_ACCENT_COLOR_NAME = AccentColor;
				CODE_SIGN_STYLE = Automatic;
				DEVELOPMENT_TEAM = 8Y3W67AZM6;
				INFOPLIST_FILE = vazhuravlev_3PW7/Info.plist;
				LD_RUNPATH_SEARCH_PATHS = (
					"$(inherited)",
					"@executable_path/Frameworks",
				);
				PRODUCT_BUNDLE_IDENTIFIER = "ru.hse.vazhuravlev-3PW7";
				PRODUCT_NAME = "$(TARGET_NAME)";
				SWIFT_VERSION = 5.0;
				TARGETED_DEVICE_FAMILY = "1,2";
			};
			name = Release;
		};
/* End XCBuildConfiguration section */

/* Begin XCConfigurationList section */
		4842B03327E3F4F400E6EAA2 /* Build configuration list for PBXProject "vazhuravlev_3PW7" */ = {
			isa = XCConfigurationList;
			buildConfigurations = (
				4842B04A27E3F4F500E6EAA2 /* Debug */,
				4842B04B27E3F4F500E6EAA2 /* Release */,
			);
			defaultConfigurationIsVisible = 0;
			defaultConfigurationName = Release;
		};
		4842B04C27E3F4F500E6EAA2 /* Build configuration list for PBXNativeTarget "vazhuravlev_3PW7" */ = {
			isa = XCConfigurationList;
			buildConfigurations = (
				4842B04D27E3F4F500E6EAA2 /* Debug */,
				4842B04E27E3F4F500E6EAA2 /* Release */,
			);
			defaultConfigurationIsVisible = 0;
			defaultConfigurationName = Release;
		};
/* End XCConfigurationList section */
	};
	rootObject = 4842B03027E3F4F400E6EAA2 /* Project object */;
}
